
Microsoft Visual Studio Solution File, Format Version 12.00
# Visual Studio Version 17
VisualStudioVersion = 17.6.33712.159
MinimumVisualStudioVersion = 10.0.40219.1
Project("{9A19103F-16F7-4668-BE54-9A1E7A4F7556}") = "SanayiGUIWebApi", "SanayiGUIBackosffice\SanayiGUIWebApi.csproj", "{CA05DBBD-4AD3-469E-8A9B-AD8CA8A5F9E9}"
EndProject
Project("{FAE04EC0-301F-11D3-BF4B-00C04F79EFBC}") = "MapManager", "MapManager\MapManager.csproj", "{BA22AD1D-3378-4D4B-BD84-BB123E208DA8}"
EndProject
Global
	GlobalSection(SolutionConfigurationPlatforms) = preSolution
		Debug|Any CPU = Debug|Any CPU
		Release|Any CPU = Release|Any CPU
	EndGlobalSection
	GlobalSection(ProjectConfigurationPlatforms) = postSolution
		{CA05DBBD-4AD3-469E-8A9B-AD8CA8A5F9E9}.Debug|Any CPU.ActiveCfg = Debug|Any CPU
		{CA05DBBD-4AD3-469E-8A9B-AD8CA8A5F9E9}.Debug|Any CPU.Build.0 = Debug|Any CPU
		{CA05DBBD-4AD3-469E-8A9B-AD8CA8A5F9E9}.Release|Any CPU.ActiveCfg = Release|Any CPU
		{CA05DBBD-4AD3-469E-8A9B-AD8CA8A5F9E9}.Release|Any CPU.Build.0 = Release|Any CPU
		{BA22AD1D-3378-4D4B-BD84-BB123E208DA8}.Debug|Any CPU.ActiveCfg = Debug|Any CPU
		{BA22AD1D-3378-4D4B-BD84-BB123E208DA8}.Debug|Any CPU.Build.0 = Debug|Any CPU
		{BA22AD1D-3378-4D4B-BD84-BB123E208DA8}.Release|Any CPU.ActiveCfg = Release|Any CPU
		{BA22AD1D-3378-4D4B-BD84-BB123E208DA8}.Release|Any CPU.Build.0 = Release|Any CPU
	EndGlobalSection
	GlobalSection(SolutionProperties) = preSolution
		HideSolutionNode = FALSE
	EndGlobalSection
	GlobalSection(ExtensibilityGlobals) = postSolution
		SolutionGuid = {CED5FD0B-7B7D-4909-A197-163A74E3B925}
	EndGlobalSection
EndGlobal
